
Microsoft Visual Studio Solution File, Format Version 12.00
# Visual Studio Version 17
VisualStudioVersion = 17.0.31903.59
MinimumVisualStudioVersion = 10.0.40219.1
Project("{FAE04EC0-301F-11D3-BF4B-00C04F79EFBC}") = "PDFSharpTest", "PDFSharpTest.csproj", "{5CBE9101-4A9D-413A-BEB4-991384FC93B3}"
EndProject
Project("{FAE04EC0-301F-11D3-BF4B-00C04F79EFBC}") = "MigraDocTestProject", "..\MigraDocTestProject\MigraDocTestProject.csproj", "{39560C8D-FA64-4B52-9A5D-50BB4BDBCFE7}"
EndProject
Global
	GlobalSection(SolutionConfigurationPlatforms) = preSolution
		Debug|Any CPU = Debug|Any CPU
		Release|Any CPU = Release|Any CPU
	EndGlobalSection
	GlobalSection(ProjectConfigurationPlatforms) = postSolution
		{5CBE9101-4A9D-413A-BEB4-991384FC93B3}.Debug|Any CPU.ActiveCfg = Debug|Any CPU
		{5CBE9101-4A9D-413A-BEB4-991384FC93B3}.Debug|Any CPU.Build.0 = Debug|Any CPU
		{5CBE9101-4A9D-413A-BEB4-991384FC93B3}.Release|Any CPU.ActiveCfg = Release|Any CPU
		{5CBE9101-4A9D-413A-BEB4-991384FC93B3}.Release|Any CPU.Build.0 = Release|Any CPU
		{39560C8D-FA64-4B52-9A5D-50BB4BDBCFE7}.Debug|Any CPU.ActiveCfg = Debug|Any CPU
		{39560C8D-FA64-4B52-9A5D-50BB4BDBCFE7}.Debug|Any CPU.Build.0 = Debug|Any CPU
		{39560C8D-FA64-4B52-9A5D-50BB4BDBCFE7}.Release|Any CPU.ActiveCfg = Release|Any CPU
		{39560C8D-FA64-4B52-9A5D-50BB4BDBCFE7}.Release|Any CPU.Build.0 = Release|Any CPU
	EndGlobalSection
	GlobalSection(SolutionProperties) = preSolution
		HideSolutionNode = FALSE
	EndGlobalSection
	GlobalSection(ExtensibilityGlobals) = postSolution
		SolutionGuid = {0199087A-8F60-42D0-93D6-1BC12393E1E5}
	EndGlobalSection
EndGlobal
